
Microsoft Visual Studio Solution File, Format Version 12.00
# Visual Studio Version 17
VisualStudioVersion = 17.2.32630.192
MinimumVisualStudioVersion = 10.0.40219.1
Project("{FAE04EC0-301F-11D3-BF4B-00C04F79EFBC}") = "GenericListProject", "GenericListProject\GenericListProject.csproj", "{CFDE1CA5-DC7E-4FCF-8222-B16911CEB2D0}"
EndProject
Project("{FAE04EC0-301F-11D3-BF4B-00C04F79EFBC}") = "Project.Collections", "Project.Collections\Project.Collections.csproj", "{587E3BA4-9D23-492B-A21B-6BA79B05365E}"
EndProject
Global
	GlobalSection(SolutionConfigurationPlatforms) = preSolution
		Debug|Any CPU = Debug|Any CPU
		Release|Any CPU = Release|Any CPU
	EndGlobalSection
	GlobalSection(ProjectConfigurationPlatforms) = postSolution
		{CFDE1CA5-DC7E-4FCF-8222-B16911CEB2D0}.Debug|Any CPU.ActiveCfg = Debug|Any CPU
		{CFDE1CA5-DC7E-4FCF-8222-B16911CEB2D0}.Debug|Any CPU.Build.0 = Debug|Any CPU
		{CFDE1CA5-DC7E-4FCF-8222-B16911CEB2D0}.Release|Any CPU.ActiveCfg = Release|Any CPU
		{CFDE1CA5-DC7E-4FCF-8222-B16911CEB2D0}.Release|Any CPU.Build.0 = Release|Any CPU
		{587E3BA4-9D23-492B-A21B-6BA79B05365E}.Debug|Any CPU.ActiveCfg = Debug|Any CPU
		{587E3BA4-9D23-492B-A21B-6BA79B05365E}.Debug|Any CPU.Build.0 = Debug|Any CPU
		{587E3BA4-9D23-492B-A21B-6BA79B05365E}.Release|Any CPU.ActiveCfg = Release|Any CPU
		{587E3BA4-9D23-492B-A21B-6BA79B05365E}.Release|Any CPU.Build.0 = Release|Any CPU
	EndGlobalSection
	GlobalSection(SolutionProperties) = preSolution
		HideSolutionNode = FALSE
	EndGlobalSection
	GlobalSection(ExtensibilityGlobals) = postSolution
		SolutionGuid = {9433FA9A-5490-407D-8F1F-78DFE94AEF9F}
	EndGlobalSection
EndGlobal
